// !$*UTF8*$!
{
	archiveVersion = 1;
	classes = {
	};
	objectVersion = 55;
	objects = {

/* Begin PBXBuildFile section */
		2A80A5225FDDD8EA179CC91F /* Pods_MovieApp.framework in Frameworks */ = {isa = PBXBuildFile; fileRef = 4A3FA0C472D81F2020AF070E /* Pods_MovieApp.framework */; };
		8B389E49285E22BD0010B05F /* AppDelegate.swift in Sources */ = {isa = PBXBuildFile; fileRef = 8B389E48285E22BD0010B05F /* AppDelegate.swift */; };
		8B389E4B285E22BD0010B05F /* SceneDelegate.swift in Sources */ = {isa = PBXBuildFile; fileRef = 8B389E4A285E22BD0010B05F /* SceneDelegate.swift */; };
		8B389E4D285E22BD0010B05F /* MovieListController.swift in Sources */ = {isa = PBXBuildFile; fileRef = 8B389E4C285E22BD0010B05F /* MovieListController.swift */; };
		8B389E50285E22BD0010B05F /* Main.storyboard in Resources */ = {isa = PBXBuildFile; fileRef = 8B389E4E285E22BD0010B05F /* Main.storyboard */; };
		8B389E52285E22BF0010B05F /* Assets.xcassets in Resources */ = {isa = PBXBuildFile; fileRef = 8B389E51285E22BF0010B05F /* Assets.xcassets */; };
		8B389E55285E22BF0010B05F /* LaunchScreen.storyboard in Resources */ = {isa = PBXBuildFile; fileRef = 8B389E53285E22BF0010B05F /* LaunchScreen.storyboard */; };
		8B4832D62868A3EF0042AB86 /* MovieListViewModel.swift in Sources */ = {isa = PBXBuildFile; fileRef = 8B4832D52868A3EF0042AB86 /* MovieListViewModel.swift */; };
		8B568FA6286BA86C00BFEE37 /* MovieDetailExtension.swift in Sources */ = {isa = PBXBuildFile; fileRef = 8B568FA5286BA86C00BFEE37 /* MovieDetailExtension.swift */; };
		8B568FA8286BAD0A00BFEE37 /* MovieDetailViewModel.swift in Sources */ = {isa = PBXBuildFile; fileRef = 8B568FA7286BAD0A00BFEE37 /* MovieDetailViewModel.swift */; };
		8B57535D28650FB900939451 /* SplashScreenController.swift in Sources */ = {isa = PBXBuildFile; fileRef = 8B57535C28650FB900939451 /* SplashScreenController.swift */; };
		8B5753602865102200939451 /* SnapKit in Frameworks */ = {isa = PBXBuildFile; productRef = 8B57535F2865102200939451 /* SnapKit */; };
		8B65959D286A2999007B74FC /* TableViewCellExtension.swift in Sources */ = {isa = PBXBuildFile; fileRef = 8B65959C286A2999007B74FC /* TableViewCellExtension.swift */; };
		8B8BF8362865D79A00C8E073 /* MovieListExtension.swift in Sources */ = {isa = PBXBuildFile; fileRef = 8B8BF8352865D79A00C8E073 /* MovieListExtension.swift */; };
		8B8BF8382865DF6800C8E073 /* MovieListTableViewCell.swift in Sources */ = {isa = PBXBuildFile; fileRef = 8B8BF8372865DF6800C8E073 /* MovieListTableViewCell.swift */; };
		8BA9C9A628665BAC0050A29E /* MovieService.swift in Sources */ = {isa = PBXBuildFile; fileRef = 8BA9C9A528665BAC0050A29E /* MovieService.swift */; };
		8BA9C9A828665BC70050A29E /* MovieModel.swift in Sources */ = {isa = PBXBuildFile; fileRef = 8BA9C9A728665BC70050A29E /* MovieModel.swift */; };
		8BBF43FC286517A3007693FF /* SplashScreenExtension.swift in Sources */ = {isa = PBXBuildFile; fileRef = 8BBF43FB286517A3007693FF /* SplashScreenExtension.swift */; };
		8BBF43FE286519F6007693FF /* MovieDetailController.swift in Sources */ = {isa = PBXBuildFile; fileRef = 8BBF43FD286519F6007693FF /* MovieDetailController.swift */; };
		8BBF440028651A33007693FF /* FavoriteMovieController.swift in Sources */ = {isa = PBXBuildFile; fileRef = 8BBF43FF28651A33007693FF /* FavoriteMovieController.swift */; };
		8BC673FC286C692A00EE37FE /* FavoriteMoviesExtension.swift in Sources */ = {isa = PBXBuildFile; fileRef = 8BC673FB286C692A00EE37FE /* FavoriteMoviesExtension.swift */; };
		8BC673FE286C6BCD00EE37FE /* FavoriteMoviesTableViewCell.swift in Sources */ = {isa = PBXBuildFile; fileRef = 8BC673FD286C6BCD00EE37FE /* FavoriteMoviesTableViewCell.swift */; };
/* End PBXBuildFile section */

/* Begin PBXFileReference section */
		07511D3D74A175EC17FF4CC5 /* Pods-MovieApp.debug.xcconfig */ = {isa = PBXFileReference; includeInIndex = 1; lastKnownFileType = text.xcconfig; name = "Pods-MovieApp.debug.xcconfig"; path = "Target Support Files/Pods-MovieApp/Pods-MovieApp.debug.xcconfig"; sourceTree = "<group>"; };
		4A3FA0C472D81F2020AF070E /* Pods_MovieApp.framework */ = {isa = PBXFileReference; explicitFileType = wrapper.framework; includeInIndex = 0; path = Pods_MovieApp.framework; sourceTree = BUILT_PRODUCTS_DIR; };
		8B389E45285E22BD0010B05F /* MovieApp.app */ = {isa = PBXFileReference; explicitFileType = wrapper.application; includeInIndex = 0; path = MovieApp.app; sourceTree = BUILT_PRODUCTS_DIR; };
		8B389E48285E22BD0010B05F /* AppDelegate.swift */ = {isa = PBXFileReference; lastKnownFileType = sourcecode.swift; path = AppDelegate.swift; sourceTree = "<group>"; };
		8B389E4A285E22BD0010B05F /* SceneDelegate.swift */ = {isa = PBXFileReference; lastKnownFileType = sourcecode.swift; path = SceneDelegate.swift; sourceTree = "<group>"; };
		8B389E4C285E22BD0010B05F /* MovieListController.swift */ = {isa = PBXFileReference; lastKnownFileType = sourcecode.swift; path = MovieListController.swift; sourceTree = "<group>"; };
		8B389E4F285E22BD0010B05F /* Base */ = {isa = PBXFileReference; lastKnownFileType = file.storyboard; name = Base; path = Base.lproj/Main.storyboard; sourceTree = "<group>"; };
		8B389E51285E22BF0010B05F /* Assets.xcassets */ = {isa = PBXFileReference; lastKnownFileType = folder.assetcatalog; path = Assets.xcassets; sourceTree = "<group>"; };
		8B389E54285E22BF0010B05F /* Base */ = {isa = PBXFileReference; lastKnownFileType = file.storyboard; name = Base; path = Base.lproj/LaunchScreen.storyboard; sourceTree = "<group>"; };
		8B389E56285E22BF0010B05F /* Info.plist */ = {isa = PBXFileReference; lastKnownFileType = text.plist.xml; path = Info.plist; sourceTree = "<group>"; };
		8B4832D52868A3EF0042AB86 /* MovieListViewModel.swift */ = {isa = PBXFileReference; lastKnownFileType = sourcecode.swift; path = MovieListViewModel.swift; sourceTree = "<group>"; };
		8B568FA5286BA86C00BFEE37 /* MovieDetailExtension.swift */ = {isa = PBXFileReference; lastKnownFileType = sourcecode.swift; path = MovieDetailExtension.swift; sourceTree = "<group>"; };
		8B568FA7286BAD0A00BFEE37 /* MovieDetailViewModel.swift */ = {isa = PBXFileReference; lastKnownFileType = sourcecode.swift; path = MovieDetailViewModel.swift; sourceTree = "<group>"; };
		8B57535C28650FB900939451 /* SplashScreenController.swift */ = {isa = PBXFileReference; lastKnownFileType = sourcecode.swift; path = SplashScreenController.swift; sourceTree = "<group>"; };
		8B65959C286A2999007B74FC /* TableViewCellExtension.swift */ = {isa = PBXFileReference; lastKnownFileType = sourcecode.swift; path = TableViewCellExtension.swift; sourceTree = "<group>"; };
		8B8BF8352865D79A00C8E073 /* MovieListExtension.swift */ = {isa = PBXFileReference; lastKnownFileType = sourcecode.swift; path = MovieListExtension.swift; sourceTree = "<group>"; };
		8B8BF8372865DF6800C8E073 /* MovieListTableViewCell.swift */ = {isa = PBXFileReference; lastKnownFileType = sourcecode.swift; path = MovieListTableViewCell.swift; sourceTree = "<group>"; };
		8BA9C9A528665BAC0050A29E /* MovieService.swift */ = {isa = PBXFileReference; lastKnownFileType = sourcecode.swift; path = MovieService.swift; sourceTree = "<group>"; };
		8BA9C9A728665BC70050A29E /* MovieModel.swift */ = {isa = PBXFileReference; lastKnownFileType = sourcecode.swift; path = MovieModel.swift; sourceTree = "<group>"; };
		8BBF43FB286517A3007693FF /* SplashScreenExtension.swift */ = {isa = PBXFileReference; lastKnownFileType = sourcecode.swift; path = SplashScreenExtension.swift; sourceTree = "<group>"; };
		8BBF43FD286519F6007693FF /* MovieDetailController.swift */ = {isa = PBXFileReference; lastKnownFileType = sourcecode.swift; path = MovieDetailController.swift; sourceTree = "<group>"; };
		8BBF43FF28651A33007693FF /* FavoriteMovieController.swift */ = {isa = PBXFileReference; lastKnownFileType = sourcecode.swift; path = FavoriteMovieController.swift; sourceTree = "<group>"; };
		8BC673FB286C692A00EE37FE /* FavoriteMoviesExtension.swift */ = {isa = PBXFileReference; lastKnownFileType = sourcecode.swift; path = FavoriteMoviesExtension.swift; sourceTree = "<group>"; };
		8BC673FD286C6BCD00EE37FE /* FavoriteMoviesTableViewCell.swift */ = {isa = PBXFileReference; lastKnownFileType = sourcecode.swift; path = FavoriteMoviesTableViewCell.swift; sourceTree = "<group>"; };
		FA414886CF82603D467F5950 /* Pods-MovieApp.release.xcconfig */ = {isa = PBXFileReference; includeInIndex = 1; lastKnownFileType = text.xcconfig; name = "Pods-MovieApp.release.xcconfig"; path = "Target Support Files/Pods-MovieApp/Pods-MovieApp.release.xcconfig"; sourceTree = "<group>"; };
/* End PBXFileReference section */

/* Begin PBXFrameworksBuildPhase section */
		8B389E42285E22BD0010B05F /* Frameworks */ = {
			isa = PBXFrameworksBuildPhase;
			buildActionMask = 2147483647;
			files = (
				8B5753602865102200939451 /* SnapKit in Frameworks */,
				2A80A5225FDDD8EA179CC91F /* Pods_MovieApp.framework in Frameworks */,
			);
			runOnlyForDeploymentPostprocessing = 0;
		};
/* End PBXFrameworksBuildPhase section */

/* Begin PBXGroup section */
		5FB0241593CE589942937C09 /* Pods */ = {
			isa = PBXGroup;
			children = (
				07511D3D74A175EC17FF4CC5 /* Pods-MovieApp.debug.xcconfig */,
				FA414886CF82603D467F5950 /* Pods-MovieApp.release.xcconfig */,
			);
			path = Pods;
			sourceTree = "<group>";
		};
		8B389E3C285E22BD0010B05F = {
			isa = PBXGroup;
			children = (
				8B389E47285E22BD0010B05F /* MovieApp */,
				8B389E46285E22BD0010B05F /* Products */,
				5FB0241593CE589942937C09 /* Pods */,
				BD7E4E23B3B188C5B4C7EDF4 /* Frameworks */,
			);
			sourceTree = "<group>";
		};
		8B389E46285E22BD0010B05F /* Products */ = {
			isa = PBXGroup;
			children = (
				8B389E45285E22BD0010B05F /* MovieApp.app */,
			);
			name = Products;
			sourceTree = "<group>";
		};
		8B389E47285E22BD0010B05F /* MovieApp */ = {
			isa = PBXGroup;
			children = (
				8B9DE14A2862713E009D6968 /* Resources */,
				8B9DE14928627130009D6968 /* App */,
				8B9DE14828627120009D6968 /* Network */,
				8B9DE1472862711B009D6968 /* Models */,
				8B9DE146286270F2009D6968 /* Scenes */,
			);
			path = MovieApp;
			sourceTree = "<group>";
		};
		8B9DE146286270F2009D6968 /* Scenes */ = {
			isa = PBXGroup;
			children = (
				8B9DE150286273EB009D6968 /* FavoriteMoviesScreen */,
				8B9DE14F286273C1009D6968 /* DetailScreen */,
				8B9DE14E286273BA009D6968 /* SplashScreen */,
				8B9DE14D286273AB009D6968 /* MovieListScreen */,
			);
			path = Scenes;
			sourceTree = "<group>";
		};
		8B9DE1472862711B009D6968 /* Models */ = {
			isa = PBXGroup;
			children = (
				8BA9C9A728665BC70050A29E /* MovieModel.swift */,
			);
			path = Models;
			sourceTree = "<group>";
		};
		8B9DE14828627120009D6968 /* Network */ = {
			isa = PBXGroup;
			children = (
				8BA9C9A528665BAC0050A29E /* MovieService.swift */,
			);
			path = Network;
			sourceTree = "<group>";
		};
		8B9DE14928627130009D6968 /* App */ = {
			isa = PBXGroup;
			children = (
				8B389E4E285E22BD0010B05F /* Main.storyboard */,
				8B389E53285E22BF0010B05F /* LaunchScreen.storyboard */,
				8B389E48285E22BD0010B05F /* AppDelegate.swift */,
				8B389E4A285E22BD0010B05F /* SceneDelegate.swift */,
			);
			path = App;
			sourceTree = "<group>";
		};
		8B9DE14A2862713E009D6968 /* Resources */ = {
			isa = PBXGroup;
			children = (
				8B389E51285E22BF0010B05F /* Assets.xcassets */,
				8B389E56285E22BF0010B05F /* Info.plist */,
			);
			path = Resources;
			sourceTree = "<group>";
		};
		8B9DE14D286273AB009D6968 /* MovieListScreen */ = {
			isa = PBXGroup;
			children = (
				8B389E4C285E22BD0010B05F /* MovieListController.swift */,
				8B8BF8352865D79A00C8E073 /* MovieListExtension.swift */,
				8B8BF8372865DF6800C8E073 /* MovieListTableViewCell.swift */,
				8B4832D52868A3EF0042AB86 /* MovieListViewModel.swift */,
				8B65959C286A2999007B74FC /* TableViewCellExtension.swift */,
			);
			path = MovieListScreen;
			sourceTree = "<group>";
		};
		8B9DE14E286273BA009D6968 /* SplashScreen */ = {
			isa = PBXGroup;
			children = (
				8B57535C28650FB900939451 /* SplashScreenController.swift */,
				8BBF43FB286517A3007693FF /* SplashScreenExtension.swift */,
			);
			path = SplashScreen;
			sourceTree = "<group>";
		};
		8B9DE14F286273C1009D6968 /* DetailScreen */ = {
			isa = PBXGroup;
			children = (
				8BBF43FD286519F6007693FF /* MovieDetailController.swift */,
				8B568FA5286BA86C00BFEE37 /* MovieDetailExtension.swift */,
				8B568FA7286BAD0A00BFEE37 /* MovieDetailViewModel.swift */,
			);
			path = DetailScreen;
			sourceTree = "<group>";
		};
		8B9DE150286273EB009D6968 /* FavoriteMoviesScreen */ = {
			isa = PBXGroup;
			children = (
				8BBF43FF28651A33007693FF /* FavoriteMovieController.swift */,
				8BC673FB286C692A00EE37FE /* FavoriteMoviesExtension.swift */,
				8BC673FD286C6BCD00EE37FE /* FavoriteMoviesTableViewCell.swift */,
			);
			path = FavoriteMoviesScreen;
			sourceTree = "<group>";
		};
		BD7E4E23B3B188C5B4C7EDF4 /* Frameworks */ = {
			isa = PBXGroup;
			children = (
				4A3FA0C472D81F2020AF070E /* Pods_MovieApp.framework */,
			);
			name = Frameworks;
			sourceTree = "<group>";
		};
/* End PBXGroup section */

/* Begin PBXNativeTarget section */
		8B389E44285E22BD0010B05F /* MovieApp */ = {
			isa = PBXNativeTarget;
			buildConfigurationList = 8B389E59285E22BF0010B05F /* Build configuration list for PBXNativeTarget "MovieApp" */;
			buildPhases = (
				EE1D58CD98AD98EA95E68349 /* [CP] Check Pods Manifest.lock */,
				8B389E41285E22BD0010B05F /* Sources */,
				8B389E42285E22BD0010B05F /* Frameworks */,
				8B389E43285E22BD0010B05F /* Resources */,
				82419BA4B60DB4FC11A0BF24 /* [CP] Embed Pods Frameworks */,
			);
			buildRules = (
			);
			dependencies = (
			);
			name = MovieApp;
			packageProductDependencies = (
				8B57535F2865102200939451 /* SnapKit */,
			);
			productName = MovieApp;
			productReference = 8B389E45285E22BD0010B05F /* MovieApp.app */;
			productType = "com.apple.product-type.application";
		};
/* End PBXNativeTarget section */

/* Begin PBXProject section */
		8B389E3D285E22BD0010B05F /* Project object */ = {
			isa = PBXProject;
			attributes = {
				BuildIndependentTargetsInParallel = 1;
				LastSwiftUpdateCheck = 1320;
				LastUpgradeCheck = 1320;
				TargetAttributes = {
					8B389E44285E22BD0010B05F = {
						CreatedOnToolsVersion = 13.2.1;
					};
				};
			};
			buildConfigurationList = 8B389E40285E22BD0010B05F /* Build configuration list for PBXProject "MovieApp" */;
			compatibilityVersion = "Xcode 13.0";
			developmentRegion = en;
			hasScannedForEncodings = 0;
			knownRegions = (
				en,
				Base,
			);
			mainGroup = 8B389E3C285E22BD0010B05F;
			packageReferences = (
				8B57535E2865102200939451 /* XCRemoteSwiftPackageReference "SnapKit" */,
			);
			productRefGroup = 8B389E46285E22BD0010B05F /* Products */;
			projectDirPath = "";
			projectRoot = "";
			targets = (
				8B389E44285E22BD0010B05F /* MovieApp */,
			);
		};
/* End PBXProject section */

/* Begin PBXResourcesBuildPhase section */
		8B389E43285E22BD0010B05F /* Resources */ = {
			isa = PBXResourcesBuildPhase;
			buildActionMask = 2147483647;
			files = (
				8B389E55285E22BF0010B05F /* LaunchScreen.storyboard in Resources */,
				8B389E52285E22BF0010B05F /* Assets.xcassets in Resources */,
				8B389E50285E22BD0010B05F /* Main.storyboard in Resources */,
			);
			runOnlyForDeploymentPostprocessing = 0;
		};
/* End PBXResourcesBuildPhase section */

/* Begin PBXShellScriptBuildPhase section */
		82419BA4B60DB4FC11A0BF24 /* [CP] Embed Pods Frameworks */ = {
			isa = PBXShellScriptBuildPhase;
			buildActionMask = 2147483647;
			files = (
			);
			inputFileListPaths = (
				"${PODS_ROOT}/Target Support Files/Pods-MovieApp/Pods-MovieApp-frameworks-${CONFIGURATION}-input-files.xcfilelist",
			);
			name = "[CP] Embed Pods Frameworks";
			outputFileListPaths = (
				"${PODS_ROOT}/Target Support Files/Pods-MovieApp/Pods-MovieApp-frameworks-${CONFIGURATION}-output-files.xcfilelist",
			);
			runOnlyForDeploymentPostprocessing = 0;
			shellPath = /bin/sh;
			shellScript = "\"${PODS_ROOT}/Target Support Files/Pods-MovieApp/Pods-MovieApp-frameworks.sh\"\n";
			showEnvVarsInLog = 0;
		};
		EE1D58CD98AD98EA95E68349 /* [CP] Check Pods Manifest.lock */ = {
			isa = PBXShellScriptBuildPhase;
			buildActionMask = 2147483647;
			files = (
			);
			inputFileListPaths = (
			);
			inputPaths = (
				"${PODS_PODFILE_DIR_PATH}/Podfile.lock",
				"${PODS_ROOT}/Manifest.lock",
			);
			name = "[CP] Check Pods Manifest.lock";
			outputFileListPaths = (
			);
			outputPaths = (
				"$(DERIVED_FILE_DIR)/Pods-MovieApp-checkManifestLockResult.txt",
			);
			runOnlyForDeploymentPostprocessing = 0;
			shellPath = /bin/sh;
			shellScript = "diff \"${PODS_PODFILE_DIR_PATH}/Podfile.lock\" \"${PODS_ROOT}/Manifest.lock\" > /dev/null\nif [ $? != 0 ] ; then\n    # print error to STDERR\n    echo \"error: The sandbox is not in sync with the Podfile.lock. Run 'pod install' or update your CocoaPods installation.\" >&2\n    exit 1\nfi\n# This output is used by Xcode 'outputs' to avoid re-running this script phase.\necho \"SUCCESS\" > \"${SCRIPT_OUTPUT_FILE_0}\"\n";
			showEnvVarsInLog = 0;
		};
/* End PBXShellScriptBuildPhase section */

/* Begin PBXSourcesBuildPhase section */
		8B389E41285E22BD0010B05F /* Sources */ = {
			isa = PBXSourcesBuildPhase;
			buildActionMask = 2147483647;
			files = (
				8B65959D286A2999007B74FC /* TableViewCellExtension.swift in Sources */,
				8BA9C9A828665BC70050A29E /* MovieModel.swift in Sources */,
				8B389E4D285E22BD0010B05F /* MovieListController.swift in Sources */,
				8B389E49285E22BD0010B05F /* AppDelegate.swift in Sources */,
				8BA9C9A628665BAC0050A29E /* MovieService.swift in Sources */,
				8B568FA6286BA86C00BFEE37 /* MovieDetailExtension.swift in Sources */,
				8B4832D62868A3EF0042AB86 /* MovieListViewModel.swift in Sources */,
				8BC673FE286C6BCD00EE37FE /* FavoriteMoviesTableViewCell.swift in Sources */,
				8B389E4B285E22BD0010B05F /* SceneDelegate.swift in Sources */,
				8BC673FC286C692A00EE37FE /* FavoriteMoviesExtension.swift in Sources */,
				8BBF440028651A33007693FF /* FavoriteMovieController.swift in Sources */,
				8BBF43FE286519F6007693FF /* MovieDetailController.swift in Sources */,
				8BBF43FC286517A3007693FF /* SplashScreenExtension.swift in Sources */,
				8B568FA8286BAD0A00BFEE37 /* MovieDetailViewModel.swift in Sources */,
				8B8BF8362865D79A00C8E073 /* MovieListExtension.swift in Sources */,
				8B8BF8382865DF6800C8E073 /* MovieListTableViewCell.swift in Sources */,
				8B57535D28650FB900939451 /* SplashScreenController.swift in Sources */,
			);
			runOnlyForDeploymentPostprocessing = 0;
		};
/* End PBXSourcesBuildPhase section */

/* Begin PBXVariantGroup section */
		8B389E4E285E22BD0010B05F /* Main.storyboard */ = {
			isa = PBXVariantGroup;
			children = (
				8B389E4F285E22BD0010B05F /* Base */,
			);
			name = Main.storyboard;
			sourceTree = "<group>";
		};
		8B389E53285E22BF0010B05F /* LaunchScreen.storyboard */ = {
			isa = PBXVariantGroup;
			children = (
				8B389E54285E22BF0010B05F /* Base */,
			);
			name = LaunchScreen.storyboard;
			sourceTree = "<group>";
		};
/* End PBXVariantGroup section */

/* Begin XCBuildConfiguration section */
		8B389E57285E22BF0010B05F /* Debug */ = {
			isa = XCBuildConfiguration;
			buildSettings = {
				ALWAYS_SEARCH_USER_PATHS = NO;
				CLANG_ANALYZER_NONNULL = YES;
				CLANG_ANALYZER_NUMBER_OBJECT_CONVERSION = YES_AGGRESSIVE;
				CLANG_CXX_LANGUAGE_STANDARD = "gnu++17";
				CLANG_CXX_LIBRARY = "libc++";
				CLANG_ENABLE_MODULES = YES;
				CLANG_ENABLE_OBJC_ARC = YES;
				CLANG_ENABLE_OBJC_WEAK = YES;
				CLANG_WARN_BLOCK_CAPTURE_AUTORELEASING = YES;
				CLANG_WARN_BOOL_CONVERSION = YES;
				CLANG_WARN_COMMA = YES;
				CLANG_WARN_CONSTANT_CONVERSION = YES;
				CLANG_WARN_DEPRECATED_OBJC_IMPLEMENTATIONS = YES;
				CLANG_WARN_DIRECT_OBJC_ISA_USAGE = YES_ERROR;
				CLANG_WARN_DOCUMENTATION_COMMENTS = YES;
				CLANG_WARN_EMPTY_BODY = YES;
				CLANG_WARN_ENUM_CONVERSION = YES;
				CLANG_WARN_INFINITE_RECURSION = YES;
				CLANG_WARN_INT_CONVERSION = YES;
				CLANG_WARN_NON_LITERAL_NULL_CONVERSION = YES;
				CLANG_WARN_OBJC_IMPLICIT_RETAIN_SELF = YES;
				CLANG_WARN_OBJC_LITERAL_CONVERSION = YES;
				CLANG_WARN_OBJC_ROOT_CLASS = YES_ERROR;
				CLANG_WARN_QUOTED_INCLUDE_IN_FRAMEWORK_HEADER = YES;
				CLANG_WARN_RANGE_LOOP_ANALYSIS = YES;
				CLANG_WARN_STRICT_PROTOTYPES = YES;
				CLANG_WARN_SUSPICIOUS_MOVE = YES;
				CLANG_WARN_UNGUARDED_AVAILABILITY = YES_AGGRESSIVE;
				CLANG_WARN_UNREACHABLE_CODE = YES;
				CLANG_WARN__DUPLICATE_METHOD_MATCH = YES;
				COPY_PHASE_STRIP = NO;
				DEBUG_INFORMATION_FORMAT = dwarf;
				ENABLE_STRICT_OBJC_MSGSEND = YES;
				ENABLE_TESTABILITY = YES;
				GCC_C_LANGUAGE_STANDARD = gnu11;
				GCC_DYNAMIC_NO_PIC = NO;
				GCC_NO_COMMON_BLOCKS = YES;
				GCC_OPTIMIZATION_LEVEL = 0;
				GCC_PREPROCESSOR_DEFINITIONS = (
					"DEBUG=1",
					"$(inherited)",
				);
				GCC_WARN_64_TO_32_BIT_CONVERSION = YES;
				GCC_WARN_ABOUT_RETURN_TYPE = YES_ERROR;
				GCC_WARN_UNDECLARED_SELECTOR = YES;
				GCC_WARN_UNINITIALIZED_AUTOS = YES_AGGRESSIVE;
				GCC_WARN_UNUSED_FUNCTION = YES;
				GCC_WARN_UNUSED_VARIABLE = YES;
				IPHONEOS_DEPLOYMENT_TARGET = 15.2;
				MTL_ENABLE_DEBUG_INFO = INCLUDE_SOURCE;
				MTL_FAST_MATH = YES;
				ONLY_ACTIVE_ARCH = YES;
				SDKROOT = iphoneos;
				SWIFT_ACTIVE_COMPILATION_CONDITIONS = DEBUG;
				SWIFT_OPTIMIZATION_LEVEL = "-Onone";
			};
			name = Debug;
		};
		8B389E58285E22BF0010B05F /* Release */ = {
			isa = XCBuildConfiguration;
			buildSettings = {
				ALWAYS_SEARCH_USER_PATHS = NO;
				CLANG_ANALYZER_NONNULL = YES;
				CLANG_ANALYZER_NUMBER_OBJECT_CONVERSION = YES_AGGRESSIVE;
				CLANG_CXX_LANGUAGE_STANDARD = "gnu++17";
				CLANG_CXX_LIBRARY = "libc++";
				CLANG_ENABLE_MODULES = YES;
				CLANG_ENABLE_OBJC_ARC = YES;
				CLANG_ENABLE_OBJC_WEAK = YES;
				CLANG_WARN_BLOCK_CAPTURE_AUTORELEASING = YES;
				CLANG_WARN_BOOL_CONVERSION = YES;
				CLANG_WARN_COMMA = YES;
				CLANG_WARN_CONSTANT_CONVERSION = YES;
				CLANG_WARN_DEPRECATED_OBJC_IMPLEMENTATIONS = YES;
				CLANG_WARN_DIRECT_OBJC_ISA_USAGE = YES_ERROR;
				CLANG_WARN_DOCUMENTATION_COMMENTS = YES;
				CLANG_WARN_EMPTY_BODY = YES;
				CLANG_WARN_ENUM_CONVERSION = YES;
				CLANG_WARN_INFINITE_RECURSION = YES;
				CLANG_WARN_INT_CONVERSION = YES;
				CLANG_WARN_NON_LITERAL_NULL_CONVERSION = YES;
				CLANG_WARN_OBJC_IMPLICIT_RETAIN_SELF = YES;
				CLANG_WARN_OBJC_LITERAL_CONVERSION = YES;
				CLANG_WARN_OBJC_ROOT_CLASS = YES_ERROR;
				CLANG_WARN_QUOTED_INCLUDE_IN_FRAMEWORK_HEADER = YES;
				CLANG_WARN_RANGE_LOOP_ANALYSIS = YES;
				CLANG_WARN_STRICT_PROTOTYPES = YES;
				CLANG_WARN_SUSPICIOUS_MOVE = YES;
				CLANG_WARN_UNGUARDED_AVAILABILITY = YES_AGGRESSIVE;
				CLANG_WARN_UNREACHABLE_CODE = YES;
				CLANG_WARN__DUPLICATE_METHOD_MATCH = YES;
				COPY_PHASE_STRIP = NO;
				DEBUG_INFORMATION_FORMAT = "dwarf-with-dsym";
				ENABLE_NS_ASSERTIONS = NO;
				ENABLE_STRICT_OBJC_MSGSEND = YES;
				GCC_C_LANGUAGE_STANDARD = gnu11;
				GCC_NO_COMMON_BLOCKS = YES;
				GCC_WARN_64_TO_32_BIT_CONVERSION = YES;
				GCC_WARN_ABOUT_RETURN_TYPE = YES_ERROR;
				GCC_WARN_UNDECLARED_SELECTOR = YES;
				GCC_WARN_UNINITIALIZED_AUTOS = YES_AGGRESSIVE;
				GCC_WARN_UNUSED_FUNCTION = YES;
				GCC_WARN_UNUSED_VARIABLE = YES;
				IPHONEOS_DEPLOYMENT_TARGET = 15.2;
				MTL_ENABLE_DEBUG_INFO = NO;
				MTL_FAST_MATH = YES;
				SDKROOT = iphoneos;
				SWIFT_COMPILATION_MODE = wholemodule;
				SWIFT_OPTIMIZATION_LEVEL = "-O";
				VALIDATE_PRODUCT = YES;
			};
			name = Release;
		};
		8B389E5A285E22BF0010B05F /* Debug */ = {
			isa = XCBuildConfiguration;
			baseConfigurationReference = 07511D3D74A175EC17FF4CC5 /* Pods-MovieApp.debug.xcconfig */;
			buildSettings = {
				ASSETCATALOG_COMPILER_APPICON_NAME = AppIcon;
				ASSETCATALOG_COMPILER_GLOBAL_ACCENT_COLOR_NAME = AccentColor;
				CODE_SIGN_STYLE = Automatic;
				CURRENT_PROJECT_VERSION = 1;
				DEVELOPMENT_TEAM = 3K68Q42UPA;
				GENERATE_INFOPLIST_FILE = YES;
				INFOPLIST_FILE = MovieApp/Resources/Info.plist;
				INFOPLIST_KEY_UIApplicationSupportsIndirectInputEvents = YES;
				INFOPLIST_KEY_UILaunchStoryboardName = LaunchScreen;
				INFOPLIST_KEY_UIMainStoryboardFile = Main;
				INFOPLIST_KEY_UISupportedInterfaceOrientations = UIInterfaceOrientationPortrait;
				INFOPLIST_KEY_UISupportedInterfaceOrientations_iPad = "UIInterfaceOrientationPortrait UIInterfaceOrientationPortraitUpsideDown UIInterfaceOrientationLandscapeLeft UIInterfaceOrientationLandscapeRight";
				INFOPLIST_KEY_UISupportedInterfaceOrientations_iPhone = "UIInterfaceOrientationPortrait UIInterfaceOrientationLandscapeLeft UIInterfaceOrientationLandscapeRight";
				IPHONEOS_DEPLOYMENT_TARGET = 13.0;
				LD_RUNPATH_SEARCH_PATHS = (
					"$(inherited)",
					"@executable_path/Frameworks",
				);
				MARKETING_VERSION = 0.1.0;
				PRODUCT_BUNDLE_IDENTIFIER = com.emretanrisever.movieapp;
				PRODUCT_NAME = "$(TARGET_NAME)";
				SWIFT_EMIT_LOC_STRINGS = YES;
				SWIFT_VERSION = 5.0;
				TARGETED_DEVICE_FAMILY = 1;
			};
			name = Debug;
		};
		8B389E5B285E22BF0010B05F /* Release */ = {
			isa = XCBuildConfiguration;
			baseConfigurationReference = FA414886CF82603D467F5950 /* Pods-MovieApp.release.xcconfig */;
			buildSettings = {
				ASSETCATALOG_COMPILER_APPICON_NAME = AppIcon;
				ASSETCATALOG_COMPILER_GLOBAL_ACCENT_COLOR_NAME = AccentColor;
				CODE_SIGN_STYLE = Automatic;
				CURRENT_PROJECT_VERSION = 1;
				DEVELOPMENT_TEAM = 3K68Q42UPA;
				GENERATE_INFOPLIST_FILE = YES;
				INFOPLIST_FILE = MovieApp/Resources/Info.plist;
				INFOPLIST_KEY_UIApplicationSupportsIndirectInputEvents = YES;
				INFOPLIST_KEY_UILaunchStoryboardName = LaunchScreen;
				INFOPLIST_KEY_UIMainStoryboardFile = Main;
				INFOPLIST_KEY_UISupportedInterfaceOrientations = UIInterfaceOrientationPortrait;
				INFOPLIST_KEY_UISupportedInterfaceOrientations_iPad = "UIInterfaceOrientationPortrait UIInterfaceOrientationPortraitUpsideDown UIInterfaceOrientationLandscapeLeft UIInterfaceOrientationLandscapeRight";
				INFOPLIST_KEY_UISupportedInterfaceOrientations_iPhone = "UIInterfaceOrientationPortrait UIInterfaceOrientationLandscapeLeft UIInterfaceOrientationLandscapeRight";
				IPHONEOS_DEPLOYMENT_TARGET = 13.0;
				LD_RUNPATH_SEARCH_PATHS = (
					"$(inherited)",
					"@executable_path/Frameworks",
				);
				MARKETING_VERSION = 0.1.0;
				PRODUCT_BUNDLE_IDENTIFIER = com.emretanrisever.movieapp;
				PRODUCT_NAME = "$(TARGET_NAME)";
				SWIFT_EMIT_LOC_STRINGS = YES;
				SWIFT_VERSION = 5.0;
				TARGETED_DEVICE_FAMILY = 1;
			};
			name = Release;
		};
/* End XCBuildConfiguration section */

/* Begin XCConfigurationList section */
		8B389E40285E22BD0010B05F /* Build configuration list for PBXProject "MovieApp" */ = {
			isa = XCConfigurationList;
			buildConfigurations = (
				8B389E57285E22BF0010B05F /* Debug */,
				8B389E58285E22BF0010B05F /* Release */,
			);
			defaultConfigurationIsVisible = 0;
			defaultConfigurationName = Release;
		};
		8B389E59285E22BF0010B05F /* Build configuration list for PBXNativeTarget "MovieApp" */ = {
			isa = XCConfigurationList;
			buildConfigurations = (
				8B389E5A285E22BF0010B05F /* Debug */,
				8B389E5B285E22BF0010B05F /* Release */,
			);
			defaultConfigurationIsVisible = 0;
			defaultConfigurationName = Release;
		};
/* End XCConfigurationList section */

/* Begin XCRemoteSwiftPackageReference section */
		8B57535E2865102200939451 /* XCRemoteSwiftPackageReference "SnapKit" */ = {
			isa = XCRemoteSwiftPackageReference;
			repositoryURL = "https://github.com/SnapKit/SnapKit.git";
			requirement = {
				branch = develop;
				kind = branch;
			};
		};
/* End XCRemoteSwiftPackageReference section */

/* Begin XCSwiftPackageProductDependency section */
		8B57535F2865102200939451 /* SnapKit */ = {
			isa = XCSwiftPackageProductDependency;
			package = 8B57535E2865102200939451 /* XCRemoteSwiftPackageReference "SnapKit" */;
			productName = SnapKit;
		};
/* End XCSwiftPackageProductDependency section */
	};
	rootObject = 8B389E3D285E22BD0010B05F /* Project object */;
}
